
Microsoft Visual Studio Solution File, Format Version 12.00
# Visual Studio 15
VisualStudioVersion = 15.0.27130.2020
MinimumVisualStudioVersion = 10.0.40219.1
Project("{FAE04EC0-301F-11D3-BF4B-00C04F79EFBC}") = "WebApp", "WebApp\WebApp.csproj", "{AAD52ACD-D7B6-4806-BD39-460F07DA2BB4}"
EndProject
Project("{2150E333-8FDC-42A3-9474-1A3956D46DE8}") = "Solution Items", "Solution Items", "{2162AFB4-7A61-4C45-AC11-9A7AB9B3FD7B}"
	ProjectSection(SolutionItems) = preProject
		create_webapi_user.sql = create_webapi_user.sql
	EndProjectSection
EndProject
Project("{9A19103F-16F7-4668-BE54-9A1E7A4F7556}") = "DAL.Common", "DAL.Common\DAL.Common.csproj", "{92A0DD7B-BB4F-4EBA-9B43-FDBF5D35DC60}"
EndProject
Project("{9A19103F-16F7-4668-BE54-9A1E7A4F7556}") = "Service.Common", "Service.Common\Service.Common.csproj", "{9CC9C275-EB31-4A8A-A53B-8569F63C8EC3}"
EndProject
Project("{9A19103F-16F7-4668-BE54-9A1E7A4F7556}") = "DAL", "DAL\DAL.csproj", "{5FE06B39-B89E-4DD0-AF8F-748EFB64063E}"
EndProject
Project("{9A19103F-16F7-4668-BE54-9A1E7A4F7556}") = "Service", "Service\Service.csproj", "{8CAF273C-74DC-4556-BF97-C7E64E28D1FA}"
EndProject
Global
	GlobalSection(SolutionConfigurationPlatforms) = preSolution
		Debug|Any CPU = Debug|Any CPU
		Release|Any CPU = Release|Any CPU
	EndGlobalSection
	GlobalSection(ProjectConfigurationPlatforms) = postSolution
		{AAD52ACD-D7B6-4806-BD39-460F07DA2BB4}.Debug|Any CPU.ActiveCfg = Debug|Any CPU
		{AAD52ACD-D7B6-4806-BD39-460F07DA2BB4}.Debug|Any CPU.Build.0 = Debug|Any CPU
		{AAD52ACD-D7B6-4806-BD39-460F07DA2BB4}.Release|Any CPU.ActiveCfg = Release|Any CPU
		{AAD52ACD-D7B6-4806-BD39-460F07DA2BB4}.Release|Any CPU.Build.0 = Release|Any CPU
		{92A0DD7B-BB4F-4EBA-9B43-FDBF5D35DC60}.Debug|Any CPU.ActiveCfg = Debug|Any CPU
		{92A0DD7B-BB4F-4EBA-9B43-FDBF5D35DC60}.Debug|Any CPU.Build.0 = Debug|Any CPU
		{92A0DD7B-BB4F-4EBA-9B43-FDBF5D35DC60}.Release|Any CPU.ActiveCfg = Release|Any CPU
		{92A0DD7B-BB4F-4EBA-9B43-FDBF5D35DC60}.Release|Any CPU.Build.0 = Release|Any CPU
		{9CC9C275-EB31-4A8A-A53B-8569F63C8EC3}.Debug|Any CPU.ActiveCfg = Debug|Any CPU
		{9CC9C275-EB31-4A8A-A53B-8569F63C8EC3}.Debug|Any CPU.Build.0 = Debug|Any CPU
		{9CC9C275-EB31-4A8A-A53B-8569F63C8EC3}.Release|Any CPU.ActiveCfg = Release|Any CPU
		{9CC9C275-EB31-4A8A-A53B-8569F63C8EC3}.Release|Any CPU.Build.0 = Release|Any CPU
		{5FE06B39-B89E-4DD0-AF8F-748EFB64063E}.Debug|Any CPU.ActiveCfg = Debug|Any CPU
		{5FE06B39-B89E-4DD0-AF8F-748EFB64063E}.Debug|Any CPU.Build.0 = Debug|Any CPU
		{5FE06B39-B89E-4DD0-AF8F-748EFB64063E}.Release|Any CPU.ActiveCfg = Release|Any CPU
		{5FE06B39-B89E-4DD0-AF8F-748EFB64063E}.Release|Any CPU.Build.0 = Release|Any CPU
		{8CAF273C-74DC-4556-BF97-C7E64E28D1FA}.Debug|Any CPU.ActiveCfg = Debug|Any CPU
		{8CAF273C-74DC-4556-BF97-C7E64E28D1FA}.Debug|Any CPU.Build.0 = Debug|Any CPU
		{8CAF273C-74DC-4556-BF97-C7E64E28D1FA}.Release|Any CPU.ActiveCfg = Release|Any CPU
		{8CAF273C-74DC-4556-BF97-C7E64E28D1FA}.Release|Any CPU.Build.0 = Release|Any CPU
	EndGlobalSection
	GlobalSection(SolutionProperties) = preSolution
		HideSolutionNode = FALSE
	EndGlobalSection
	GlobalSection(ExtensibilityGlobals) = postSolution
		SolutionGuid = {782D6757-743F-4127-B590-A28F0A802613}
	EndGlobalSection
EndGlobal
